[root]
name = "prompt_ben"
version = "0.0.1"
dependencies = [
 "docopt_macros 0.6.4 (git+git://github.com/docopt/docopt.rs#21ce1190ef7631f71e52de5e13eb4d131564b82e)",
 "git2 0.0.1 (git+git://github.com/alexcrichton/git2-rs#545b7d27180bef79dea1cbc5de46f74cb9f085f8)",
]

[[package]]
name = "docopt"
version = "0.6.4"
source = "git+git://github.com/docopt/docopt.rs#21ce1190ef7631f71e52de5e13eb4d131564b82e"

[[package]]
name = "docopt_macros"
version = "0.6.4"
source = "git+git://github.com/docopt/docopt.rs#21ce1190ef7631f71e52de5e13eb4d131564b82e"
dependencies = [
 "docopt 0.6.4 (git+git://github.com/docopt/docopt.rs#21ce1190ef7631f71e52de5e13eb4d131564b82e)",
]

[[package]]
name = "encoding"
version = "0.1.0"
source = "git+https://github.com/lifthrasiir/rust-encoding#1d26487807127f221afd55492f8f40cc4e718648"

[[package]]
name = "git2"
version = "0.0.1"
source = "git+git://github.com/alexcrichton/git2-rs#545b7d27180bef79dea1cbc5de46f74cb9f085f8"
dependencies = [
 "libgit2 0.0.1 (git+git://github.com/alexcrichton/git2-rs#545b7d27180bef79dea1cbc5de46f74cb9f085f8)",
 "url 0.1.0 (git+https://github.com/servo/rust-url#29f70a47230c2aa736e263977247c786e0b2c243)",
]

[[package]]
name = "libgit2"
version = "0.0.1"
source = "git+git://github.com/alexcrichton/git2-rs#545b7d27180bef79dea1cbc5de46f74cb9f085f8"
dependencies = [
 "libssh2-static-sys 0.0.1 (git+https://github.com/alexcrichton/libssh2-static-sys#6a5d3ad7b62db6ca0721c528402f4976a1876036)",
 "link-config 0.0.1 (git+https://github.com/alexcrichton/link-config#1d3cd271612036b47c015a55f33a97e1524569ae)",
 "openssl-static-sys 0.0.1 (git+https://github.com/alexcrichton/openssl-static-sys#40c6aa58a878645b2f2a6f0270da7f1c3088a22c)",
]

[[package]]
name = "libssh2-static-sys"
version = "0.0.1"
source = "git+https://github.com/alexcrichton/libssh2-static-sys#6a5d3ad7b62db6ca0721c528402f4976a1876036"

[[package]]
name = "link-config"
version = "0.0.1"
source = "git+https://github.com/alexcrichton/link-config#1d3cd271612036b47c015a55f33a97e1524569ae"

[[package]]
name = "openssl-static-sys"
version = "0.0.1"
source = "git+https://github.com/alexcrichton/openssl-static-sys#40c6aa58a878645b2f2a6f0270da7f1c3088a22c"

[[package]]
name = "url"
version = "0.1.0"
source = "git+https://github.com/servo/rust-url#29f70a47230c2aa736e263977247c786e0b2c243"
dependencies = [
 "encoding 0.1.0 (git+https://github.com/lifthrasiir/rust-encoding#1d26487807127f221afd55492f8f40cc4e718648)",
]

