[root]
name = "prompt_ben"
version = "0.0.1"
dependencies = [
 "docopt_macros 0.6.3 (git+git://github.com/docopt/docopt.rs#00422e3ee23776314f43343be9d0b473c7e74192)",
]

[[package]]
name = "docopt"
version = "0.6.3"
source = "git+git://github.com/docopt/docopt.rs#00422e3ee23776314f43343be9d0b473c7e74192"

[[package]]
name = "docopt_macros"
version = "0.6.3"
source = "git+git://github.com/docopt/docopt.rs#00422e3ee23776314f43343be9d0b473c7e74192"
dependencies = [
 "docopt 0.6.3 (git+git://github.com/docopt/docopt.rs#00422e3ee23776314f43343be9d0b473c7e74192)",
]

